
Microsoft Visual Studio Solution File, Format Version 12.00
# Visual Studio Version 17
VisualStudioVersion = 17.11.35327.3
MinimumVisualStudioVersion = 10.0.40219.1
Project("{FAE04EC0-301F-11D3-BF4B-00C04F79EFBC}") = "Assignment_9", "Assignment_9.csproj", "{B5C7081C-B23D-4D0B-B240-C31B694741D9}"
EndProject
Global
	GlobalSection(SolutionConfigurationPlatforms) = preSolution
		Debug|Any CPU = Debug|Any CPU
		Release|Any CPU = Release|Any CPU
	EndGlobalSection
	GlobalSection(ProjectConfigurationPlatforms) = postSolution
		{B5C7081C-B23D-4D0B-B240-C31B694741D9}.Debug|Any CPU.ActiveCfg = Debug|Any CPU
		{B5C7081C-B23D-4D0B-B240-C31B694741D9}.Debug|Any CPU.Build.0 = Debug|Any CPU
		{B5C7081C-B23D-4D0B-B240-C31B694741D9}.Release|Any CPU.ActiveCfg = Release|Any CPU
		{B5C7081C-B23D-4D0B-B240-C31B694741D9}.Release|Any CPU.Build.0 = Release|Any CPU
	EndGlobalSection
	GlobalSection(SolutionProperties) = preSolution
		HideSolutionNode = FALSE
	EndGlobalSection
	GlobalSection(ExtensibilityGlobals) = postSolution
		SolutionGuid = {6B920231-8799-461C-88BC-D489EB176CA5}
	EndGlobalSection
EndGlobal
